
Microsoft Visual Studio Solution File, Format Version 12.00
# Visual Studio Version 17
VisualStudioVersion = 17.0.31903.59
MinimumVisualStudioVersion = 10.0.40219.1
Project("{9A19103F-16F7-4668-BE54-9A1E7A4F7556}") = "Example.Api", "Example.Api.csproj", "{3DC97DBE-4A97-4A29-A45F-7A1377754F31}"
EndProject
Global
	GlobalSection(SolutionConfigurationPlatforms) = preSolution
		Debug|Any CPU = Debug|Any CPU
		Release|Any CPU = Release|Any CPU
	EndGlobalSection
	GlobalSection(ProjectConfigurationPlatforms) = postSolution
		{3DC97DBE-4A97-4A29-A45F-7A1377754F31}.Debug|Any CPU.ActiveCfg = Debug|Any CPU
		{3DC97DBE-4A97-4A29-A45F-7A1377754F31}.Debug|Any CPU.Build.0 = Debug|Any CPU
		{3DC97DBE-4A97-4A29-A45F-7A1377754F31}.Release|Any CPU.ActiveCfg = Release|Any CPU
		{3DC97DBE-4A97-4A29-A45F-7A1377754F31}.Release|Any CPU.Build.0 = Release|Any CPU
	EndGlobalSection
	GlobalSection(SolutionProperties) = preSolution
		HideSolutionNode = FALSE
	EndGlobalSection
	GlobalSection(ExtensibilityGlobals) = postSolution
		SolutionGuid = {34B7CBED-C73F-47D6-9D3B-83E8E09A5A2E}
	EndGlobalSection
EndGlobal
